
Microsoft Visual Studio Solution File, Format Version 12.00
# Visual Studio Version 17
VisualStudioVersion = 17.5.33516.290
MinimumVisualStudioVersion = 10.0.40219.1
Project("{8BC9CEB8-8B4A-11D0-8D11-00A0C91BC942}") = "cmania", "cmania\cmania.vcxproj", "{2C6018E5-C9FA-4DE3-91F9-9DF55D517E23}"
EndProject
Project("{2150E333-8FDC-42A3-9474-1A3956D46DE8}") = "解决方案项", "解决方案项", "{D1BE6A95-1044-4DA0-B2FE-70AA4CE6D09A}"
	ProjectSection(SolutionItems) = preProject
		.gitignore = .gitignore
		GB2UTF8.ps1 = GB2UTF8.ps1
		LICENSE = LICENSE
		README.en.md = README.en.md
		README.md = README.md
	EndProjectSection
EndProject
Global
	GlobalSection(SolutionConfigurationPlatforms) = preSolution
		ClangLinuxRelease|ARM = ClangLinuxRelease|ARM
		ClangLinuxRelease|ARM64 = ClangLinuxRelease|ARM64
		ClangLinuxRelease|x64 = ClangLinuxRelease|x64
		ClangLinuxRelease|x86 = ClangLinuxRelease|x86
		ClangRelease|ARM = ClangRelease|ARM
		ClangRelease|ARM64 = ClangRelease|ARM64
		ClangRelease|x64 = ClangRelease|x64
		ClangRelease|x86 = ClangRelease|x86
		Debug|ARM = Debug|ARM
		Debug|ARM64 = Debug|ARM64
		Debug|x64 = Debug|x64
		Debug|x86 = Debug|x86
		PatchableRelease|ARM = PatchableRelease|ARM
		PatchableRelease|ARM64 = PatchableRelease|ARM64
		PatchableRelease|x64 = PatchableRelease|x64
		PatchableRelease|x86 = PatchableRelease|x86
		Release|ARM = Release|ARM
		Release|ARM64 = Release|ARM64
		Release|x64 = Release|x64
		Release|x86 = Release|x86
	EndGlobalSection
	GlobalSection(ProjectConfigurationPlatforms) = postSolution
		{2C6018E5-C9FA-4DE3-91F9-9DF55D517E23}.ClangLinuxRelease|ARM.ActiveCfg = ClangLinuxRelease|x64
		{2C6018E5-C9FA-4DE3-91F9-9DF55D517E23}.ClangLinuxRelease|ARM.Build.0 = ClangLinuxRelease|x64
		{2C6018E5-C9FA-4DE3-91F9-9DF55D517E23}.ClangLinuxRelease|ARM64.ActiveCfg = ClangLinuxRelease|x64
		{2C6018E5-C9FA-4DE3-91F9-9DF55D517E23}.ClangLinuxRelease|ARM64.Build.0 = ClangLinuxRelease|x64
		{2C6018E5-C9FA-4DE3-91F9-9DF55D517E23}.ClangLinuxRelease|x64.ActiveCfg = ClangLinuxRelease|x64
		{2C6018E5-C9FA-4DE3-91F9-9DF55D517E23}.ClangLinuxRelease|x64.Build.0 = ClangLinuxRelease|x64
		{2C6018E5-C9FA-4DE3-91F9-9DF55D517E23}.ClangLinuxRelease|x86.ActiveCfg = ClangLinuxRelease|Win32
		{2C6018E5-C9FA-4DE3-91F9-9DF55D517E23}.ClangLinuxRelease|x86.Build.0 = ClangLinuxRelease|Win32
		{2C6018E5-C9FA-4DE3-91F9-9DF55D517E23}.ClangRelease|ARM.ActiveCfg = ClangRelease|x64
		{2C6018E5-C9FA-4DE3-91F9-9DF55D517E23}.ClangRelease|ARM64.ActiveCfg = ClangRelease|x64
		{2C6018E5-C9FA-4DE3-91F9-9DF55D517E23}.ClangRelease|x64.ActiveCfg = ClangRelease|x64
		{2C6018E5-C9FA-4DE3-91F9-9DF55D517E23}.ClangRelease|x64.Build.0 = ClangRelease|x64
		{2C6018E5-C9FA-4DE3-91F9-9DF55D517E23}.ClangRelease|x86.ActiveCfg = ClangRelease|Win32
		{2C6018E5-C9FA-4DE3-91F9-9DF55D517E23}.ClangRelease|x86.Build.0 = ClangRelease|Win32
		{2C6018E5-C9FA-4DE3-91F9-9DF55D517E23}.Debug|ARM.ActiveCfg = Debug|x64
		{2C6018E5-C9FA-4DE3-91F9-9DF55D517E23}.Debug|ARM.Build.0 = Debug|x64
		{2C6018E5-C9FA-4DE3-91F9-9DF55D517E23}.Debug|ARM64.ActiveCfg = Debug|x64
		{2C6018E5-C9FA-4DE3-91F9-9DF55D517E23}.Debug|ARM64.Build.0 = Debug|x64
		{2C6018E5-C9FA-4DE3-91F9-9DF55D517E23}.Debug|x64.ActiveCfg = Debug|x64
		{2C6018E5-C9FA-4DE3-91F9-9DF55D517E23}.Debug|x64.Build.0 = Debug|x64
		{2C6018E5-C9FA-4DE3-91F9-9DF55D517E23}.Debug|x86.ActiveCfg = Debug|Win32
		{2C6018E5-C9FA-4DE3-91F9-9DF55D517E23}.Debug|x86.Build.0 = Debug|Win32
		{2C6018E5-C9FA-4DE3-91F9-9DF55D517E23}.PatchableRelease|ARM.ActiveCfg = PatchableRelease|x64
		{2C6018E5-C9FA-4DE3-91F9-9DF55D517E23}.PatchableRelease|ARM.Build.0 = PatchableRelease|x64
		{2C6018E5-C9FA-4DE3-91F9-9DF55D517E23}.PatchableRelease|ARM64.ActiveCfg = PatchableRelease|x64
		{2C6018E5-C9FA-4DE3-91F9-9DF55D517E23}.PatchableRelease|ARM64.Build.0 = PatchableRelease|x64
		{2C6018E5-C9FA-4DE3-91F9-9DF55D517E23}.PatchableRelease|x64.ActiveCfg = PatchableRelease|x64
		{2C6018E5-C9FA-4DE3-91F9-9DF55D517E23}.PatchableRelease|x64.Build.0 = PatchableRelease|x64
		{2C6018E5-C9FA-4DE3-91F9-9DF55D517E23}.PatchableRelease|x86.ActiveCfg = PatchableRelease|Win32
		{2C6018E5-C9FA-4DE3-91F9-9DF55D517E23}.PatchableRelease|x86.Build.0 = PatchableRelease|Win32
		{2C6018E5-C9FA-4DE3-91F9-9DF55D517E23}.Release|ARM.ActiveCfg = Release|x64
		{2C6018E5-C9FA-4DE3-91F9-9DF55D517E23}.Release|ARM.Build.0 = Release|x64
		{2C6018E5-C9FA-4DE3-91F9-9DF55D517E23}.Release|ARM64.ActiveCfg = Release|x64
		{2C6018E5-C9FA-4DE3-91F9-9DF55D517E23}.Release|ARM64.Build.0 = Release|x64
		{2C6018E5-C9FA-4DE3-91F9-9DF55D517E23}.Release|x64.ActiveCfg = Release|x64
		{2C6018E5-C9FA-4DE3-91F9-9DF55D517E23}.Release|x64.Build.0 = Release|x64
		{2C6018E5-C9FA-4DE3-91F9-9DF55D517E23}.Release|x86.ActiveCfg = Release|Win32
		{2C6018E5-C9FA-4DE3-91F9-9DF55D517E23}.Release|x86.Build.0 = Release|Win32
	EndGlobalSection
	GlobalSection(SolutionProperties) = preSolution
		HideSolutionNode = FALSE
	EndGlobalSection
	GlobalSection(ExtensibilityGlobals) = postSolution
		SolutionGuid = {BC4FC929-FD47-47FD-9F4F-588A7480EE6E}
	EndGlobalSection
EndGlobal
